
Microsoft Visual Studio Solution File, Format Version 12.00
# Visual Studio 15
VisualStudioVersion = 15.0.26228.4
MinimumVisualStudioVersion = 10.0.40219.1
Project("{9A19103F-16F7-4668-BE54-9A1E7A4F7556}") = "Uml.Robotics.XmlRpc", "Uml.Robotics.XmlRpc\Uml.Robotics.XmlRpc.csproj", "{89241CC9-5E28-4B95-B682-37A0AC58D306}"
EndProject
Project("{9A19103F-16F7-4668-BE54-9A1E7A4F7556}") = "YAMLParser", "YAMLParser\YAMLParser.csproj", "{C9AA7929-CEB0-44FC-BD0A-1148BE32CF8D}"
EndProject
Project("{9A19103F-16F7-4668-BE54-9A1E7A4F7556}") = "Uml.Robotics.Ros", "Uml.Robotics.Ros\Uml.Robotics.Ros.csproj", "{765D1079-C12B-4F10-9B52-C580B6DD597C}"
EndProject
Project("{9A19103F-16F7-4668-BE54-9A1E7A4F7556}") = "Messages", "Messages\Messages.csproj", "{94C4DF5B-1566-4ACC-9BD3-167AAC83F9FD}"
EndProject
Project("{9A19103F-16F7-4668-BE54-9A1E7A4F7556}") = "Uml.Robotics.Ros.Transforms", "Uml.Robotics.Ros.Transforms\Uml.Robotics.Ros.Transforms.csproj", "{DD9EFA90-09A4-45C9-BBF0-CB146507EAE8}"
EndProject
Project("{9A19103F-16F7-4668-BE54-9A1E7A4F7556}") = "Talker", "Samples\Talker\Talker.csproj", "{A9D30AAC-7EE5-4A93-AFA9-AAF85F14B293}"
EndProject
Project("{9A19103F-16F7-4668-BE54-9A1E7A4F7556}") = "Listener", "Samples\Listener\Listener.csproj", "{2E3D7D89-3595-4794-B8D9-DC1A4665899F}"
EndProject
Project("{9A19103F-16F7-4668-BE54-9A1E7A4F7556}") = "RosParamClient", "Samples\RosParamClient\RosParamClient.csproj", "{7A7269E9-8D9A-4F0F-BA49-D5BFA91F9CB9}"
EndProject
Project("{2150E333-8FDC-42A3-9474-1A3956D46DE8}") = "Samples", "Samples", "{9C75EAAD-EACA-4E4F-B9DA-D7BADB3B7577}"
EndProject
Project("{FAE04EC0-301F-11D3-BF4B-00C04F79EFBC}") = "TransformsSample", "Samples\TransformsSample\TransformsSample.csproj", "{F121E1E2-A1A4-42E1-B0FA-EB6B41A10EAF}"
EndProject
Project("{2150E333-8FDC-42A3-9474-1A3956D46DE8}") = "Tests", "Tests", "{EEE8759B-47AD-455B-8F32-0A36EAE2512B}"
EndProject
Project("{FAE04EC0-301F-11D3-BF4B-00C04F79EFBC}") = "UnitTests", "Tests\Transform\UnitTests.csproj", "{1845BA08-91C1-411D-B1F5-7DF2344498C3}"
EndProject
Project("{FAE04EC0-301F-11D3-BF4B-00C04F79EFBC}") = "RosoutSample", "Samples\RosoutSample\RosoutSample.csproj", "{F41BDC33-84FA-4E26-BC6C-187044E49BD6}"
EndProject
Project("{FAE04EC0-301F-11D3-BF4B-00C04F79EFBC}") = "IntegrationTests", "Tests\IntegrationTests\IntegrationTests.csproj", "{8F229241-69FF-42A3-925C-49114DCB37EB}"
EndProject
Project("{FAE04EC0-301F-11D3-BF4B-00C04F79EFBC}") = "ActionServerSample", "ActionServerSample\ActionServerSample.csproj", "{11AD9ED0-9284-4D40-8E7C-B907FFDC42C3}"
EndProject
Project("{FAE04EC0-301F-11D3-BF4B-00C04F79EFBC}") = "ActionClientSample", "ActionClientSample\ActionClientSample.csproj", "{35EA4BC9-811F-4367-B0DB-1675188A1C25}"
EndProject
Project("{FAE04EC0-301F-11D3-BF4B-00C04F79EFBC}") = "ActionClientTestbed", "Samples\ActionClientTestbed\ActionClientTestbed.csproj", "{353EDE41-B3E9-4CFE-BD24-EFA47018E0FD}"
EndProject
Project("{9A19103F-16F7-4668-BE54-9A1E7A4F7556}") = "Uml.Robotics.Ros.MessageBase", "Uml.Robotics.Ros.MessageBase\Uml.Robotics.Ros.MessageBase.csproj", "{5C967AF3-306C-4D76-8D38-55A484F1C1AF}"
EndProject
Global
	GlobalSection(SolutionConfigurationPlatforms) = preSolution
		Debug|Any CPU = Debug|Any CPU
		Release|Any CPU = Release|Any CPU
	EndGlobalSection
	GlobalSection(ProjectConfigurationPlatforms) = postSolution
		{89241CC9-5E28-4B95-B682-37A0AC58D306}.Debug|Any CPU.ActiveCfg = Debug|Any CPU
		{89241CC9-5E28-4B95-B682-37A0AC58D306}.Debug|Any CPU.Build.0 = Debug|Any CPU
		{89241CC9-5E28-4B95-B682-37A0AC58D306}.Release|Any CPU.ActiveCfg = Release|Any CPU
		{89241CC9-5E28-4B95-B682-37A0AC58D306}.Release|Any CPU.Build.0 = Release|Any CPU
		{C9AA7929-CEB0-44FC-BD0A-1148BE32CF8D}.Debug|Any CPU.ActiveCfg = Debug|Any CPU
		{C9AA7929-CEB0-44FC-BD0A-1148BE32CF8D}.Debug|Any CPU.Build.0 = Debug|Any CPU
		{C9AA7929-CEB0-44FC-BD0A-1148BE32CF8D}.Release|Any CPU.ActiveCfg = Release|Any CPU
		{C9AA7929-CEB0-44FC-BD0A-1148BE32CF8D}.Release|Any CPU.Build.0 = Release|Any CPU
		{765D1079-C12B-4F10-9B52-C580B6DD597C}.Debug|Any CPU.ActiveCfg = Debug|Any CPU
		{765D1079-C12B-4F10-9B52-C580B6DD597C}.Debug|Any CPU.Build.0 = Debug|Any CPU
		{765D1079-C12B-4F10-9B52-C580B6DD597C}.Release|Any CPU.ActiveCfg = Release|Any CPU
		{765D1079-C12B-4F10-9B52-C580B6DD597C}.Release|Any CPU.Build.0 = Release|Any CPU
		{94C4DF5B-1566-4ACC-9BD3-167AAC83F9FD}.Debug|Any CPU.ActiveCfg = Debug|Any CPU
		{94C4DF5B-1566-4ACC-9BD3-167AAC83F9FD}.Debug|Any CPU.Build.0 = Debug|Any CPU
		{94C4DF5B-1566-4ACC-9BD3-167AAC83F9FD}.Release|Any CPU.ActiveCfg = Release|Any CPU
		{94C4DF5B-1566-4ACC-9BD3-167AAC83F9FD}.Release|Any CPU.Build.0 = Release|Any CPU
		{DD9EFA90-09A4-45C9-BBF0-CB146507EAE8}.Debug|Any CPU.ActiveCfg = Debug|Any CPU
		{DD9EFA90-09A4-45C9-BBF0-CB146507EAE8}.Debug|Any CPU.Build.0 = Debug|Any CPU
		{DD9EFA90-09A4-45C9-BBF0-CB146507EAE8}.Release|Any CPU.ActiveCfg = Release|Any CPU
		{DD9EFA90-09A4-45C9-BBF0-CB146507EAE8}.Release|Any CPU.Build.0 = Release|Any CPU
		{A9D30AAC-7EE5-4A93-AFA9-AAF85F14B293}.Debug|Any CPU.ActiveCfg = Debug|Any CPU
		{A9D30AAC-7EE5-4A93-AFA9-AAF85F14B293}.Debug|Any CPU.Build.0 = Debug|Any CPU
		{A9D30AAC-7EE5-4A93-AFA9-AAF85F14B293}.Release|Any CPU.ActiveCfg = Release|Any CPU
		{A9D30AAC-7EE5-4A93-AFA9-AAF85F14B293}.Release|Any CPU.Build.0 = Release|Any CPU
		{2E3D7D89-3595-4794-B8D9-DC1A4665899F}.Debug|Any CPU.ActiveCfg = Debug|Any CPU
		{2E3D7D89-3595-4794-B8D9-DC1A4665899F}.Debug|Any CPU.Build.0 = Debug|Any CPU
		{2E3D7D89-3595-4794-B8D9-DC1A4665899F}.Release|Any CPU.ActiveCfg = Release|Any CPU
		{2E3D7D89-3595-4794-B8D9-DC1A4665899F}.Release|Any CPU.Build.0 = Release|Any CPU
		{7A7269E9-8D9A-4F0F-BA49-D5BFA91F9CB9}.Debug|Any CPU.ActiveCfg = Debug|Any CPU
		{7A7269E9-8D9A-4F0F-BA49-D5BFA91F9CB9}.Debug|Any CPU.Build.0 = Debug|Any CPU
		{7A7269E9-8D9A-4F0F-BA49-D5BFA91F9CB9}.Release|Any CPU.ActiveCfg = Release|Any CPU
		{7A7269E9-8D9A-4F0F-BA49-D5BFA91F9CB9}.Release|Any CPU.Build.0 = Release|Any CPU
		{F121E1E2-A1A4-42E1-B0FA-EB6B41A10EAF}.Debug|Any CPU.ActiveCfg = Debug|Any CPU
		{F121E1E2-A1A4-42E1-B0FA-EB6B41A10EAF}.Debug|Any CPU.Build.0 = Debug|Any CPU
		{F121E1E2-A1A4-42E1-B0FA-EB6B41A10EAF}.Release|Any CPU.ActiveCfg = Release|Any CPU
		{F121E1E2-A1A4-42E1-B0FA-EB6B41A10EAF}.Release|Any CPU.Build.0 = Release|Any CPU
		{1845BA08-91C1-411D-B1F5-7DF2344498C3}.Debug|Any CPU.ActiveCfg = Debug|Any CPU
		{1845BA08-91C1-411D-B1F5-7DF2344498C3}.Debug|Any CPU.Build.0 = Debug|Any CPU
		{1845BA08-91C1-411D-B1F5-7DF2344498C3}.Release|Any CPU.ActiveCfg = Release|Any CPU
		{1845BA08-91C1-411D-B1F5-7DF2344498C3}.Release|Any CPU.Build.0 = Release|Any CPU
		{F41BDC33-84FA-4E26-BC6C-187044E49BD6}.Debug|Any CPU.ActiveCfg = Debug|Any CPU
		{F41BDC33-84FA-4E26-BC6C-187044E49BD6}.Debug|Any CPU.Build.0 = Debug|Any CPU
		{F41BDC33-84FA-4E26-BC6C-187044E49BD6}.Release|Any CPU.ActiveCfg = Release|Any CPU
		{F41BDC33-84FA-4E26-BC6C-187044E49BD6}.Release|Any CPU.Build.0 = Release|Any CPU
		{8F229241-69FF-42A3-925C-49114DCB37EB}.Debug|Any CPU.ActiveCfg = Debug|Any CPU
		{8F229241-69FF-42A3-925C-49114DCB37EB}.Debug|Any CPU.Build.0 = Debug|Any CPU
		{8F229241-69FF-42A3-925C-49114DCB37EB}.Release|Any CPU.ActiveCfg = Release|Any CPU
		{8F229241-69FF-42A3-925C-49114DCB37EB}.Release|Any CPU.Build.0 = Release|Any CPU
		{11AD9ED0-9284-4D40-8E7C-B907FFDC42C3}.Debug|Any CPU.ActiveCfg = Debug|Any CPU
		{11AD9ED0-9284-4D40-8E7C-B907FFDC42C3}.Debug|Any CPU.Build.0 = Debug|Any CPU
		{11AD9ED0-9284-4D40-8E7C-B907FFDC42C3}.Release|Any CPU.ActiveCfg = Release|Any CPU
		{11AD9ED0-9284-4D40-8E7C-B907FFDC42C3}.Release|Any CPU.Build.0 = Release|Any CPU
		{35EA4BC9-811F-4367-B0DB-1675188A1C25}.Debug|Any CPU.ActiveCfg = Debug|Any CPU
		{35EA4BC9-811F-4367-B0DB-1675188A1C25}.Debug|Any CPU.Build.0 = Debug|Any CPU
		{35EA4BC9-811F-4367-B0DB-1675188A1C25}.Release|Any CPU.ActiveCfg = Release|Any CPU
		{35EA4BC9-811F-4367-B0DB-1675188A1C25}.Release|Any CPU.Build.0 = Release|Any CPU
		{353EDE41-B3E9-4CFE-BD24-EFA47018E0FD}.Debug|Any CPU.ActiveCfg = Debug|Any CPU
		{353EDE41-B3E9-4CFE-BD24-EFA47018E0FD}.Debug|Any CPU.Build.0 = Debug|Any CPU
		{353EDE41-B3E9-4CFE-BD24-EFA47018E0FD}.Release|Any CPU.ActiveCfg = Release|Any CPU
		{353EDE41-B3E9-4CFE-BD24-EFA47018E0FD}.Release|Any CPU.Build.0 = Release|Any CPU
		{5C967AF3-306C-4D76-8D38-55A484F1C1AF}.Debug|Any CPU.ActiveCfg = Debug|Any CPU
		{5C967AF3-306C-4D76-8D38-55A484F1C1AF}.Debug|Any CPU.Build.0 = Debug|Any CPU
		{5C967AF3-306C-4D76-8D38-55A484F1C1AF}.Release|Any CPU.ActiveCfg = Release|Any CPU
		{5C967AF3-306C-4D76-8D38-55A484F1C1AF}.Release|Any CPU.Build.0 = Release|Any CPU
	EndGlobalSection
	GlobalSection(SolutionProperties) = preSolution
		HideSolutionNode = FALSE
	EndGlobalSection
	GlobalSection(NestedProjects) = preSolution
		{7A7269E9-8D9A-4F0F-BA49-D5BFA91F9CB9} = {9C75EAAD-EACA-4E4F-B9DA-D7BADB3B7577}
		{F121E1E2-A1A4-42E1-B0FA-EB6B41A10EAF} = {9C75EAAD-EACA-4E4F-B9DA-D7BADB3B7577}
		{1845BA08-91C1-411D-B1F5-7DF2344498C3} = {EEE8759B-47AD-455B-8F32-0A36EAE2512B}
		{F41BDC33-84FA-4E26-BC6C-187044E49BD6} = {9C75EAAD-EACA-4E4F-B9DA-D7BADB3B7577}
		{8F229241-69FF-42A3-925C-49114DCB37EB} = {EEE8759B-47AD-455B-8F32-0A36EAE2512B}
		{11AD9ED0-9284-4D40-8E7C-B907FFDC42C3} = {9C75EAAD-EACA-4E4F-B9DA-D7BADB3B7577}
		{35EA4BC9-811F-4367-B0DB-1675188A1C25} = {9C75EAAD-EACA-4E4F-B9DA-D7BADB3B7577}
		{353EDE41-B3E9-4CFE-BD24-EFA47018E0FD} = {9C75EAAD-EACA-4E4F-B9DA-D7BADB3B7577}
	EndGlobalSection
EndGlobal
